Microsoft Visual Studio Solution File, Format Version 11.00
# Visual Studio 2008

Project("{EBC5B107-135B-E59E-ED28-874BD55ABA98}") = "Space Shooter Eduardo", "Assembly-CSharp.csproj", "{4167A3B8-93FA-1B62-6E4D-99947F262651}"
EndProject
Global
	GlobalSection(SolutionConfigurationPlatforms) = preSolution
		Debug|Any CPU = Debug|Any CPU
		Release|Any CPU = Release|Any CPU
	EndGlobalSection
	GlobalSection(ProjectConfigurationPlatforms) = postSolution
		{4167A3B8-93FA-1B62-6E4D-99947F262651}.Debug|Any CPU.ActiveCfg = Debug|Any CPU
		{4167A3B8-93FA-1B62-6E4D-99947F262651}.Debug|Any CPU.Build.0 = Debug|Any CPU
		{4167A3B8-93FA-1B62-6E4D-99947F262651}.Release|Any CPU.ActiveCfg = Release|Any CPU
		{4167A3B8-93FA-1B62-6E4D-99947F262651}.Release|Any CPU.Build.0 = Release|Any CPU
	EndGlobalSection
	GlobalSection(SolutionProperties) = preSolution
		HideSolutionNode = FALSE
	EndGlobalSection
	GlobalSection(MonoDevelopProperties) = preSolution
		StartupItem = Assembly-CSharp.csproj
	EndGlobalSection
EndGlobal
